
Microsoft Visual Studio Solution File, Format Version 12.00
# Visual Studio Version 16
VisualStudioVersion = 16.0.30114.105
MinimumVisualStudioVersion = 10.0.40219.1
Project("{FAE04EC0-301F-11D3-BF4B-00C04F79EFBC}") = "ConfriguringApps", "ConfriguringApps.csproj", "{34208C5F-239B-4DD8-AB8F-84C370EA5874}"
EndProject
Global
	GlobalSection(SolutionConfigurationPlatforms) = preSolution
		Debug|Any CPU = Debug|Any CPU
		Release|Any CPU = Release|Any CPU
	EndGlobalSection
	GlobalSection(ProjectConfigurationPlatforms) = postSolution
		{34208C5F-239B-4DD8-AB8F-84C370EA5874}.Debug|Any CPU.ActiveCfg = Debug|Any CPU
		{34208C5F-239B-4DD8-AB8F-84C370EA5874}.Debug|Any CPU.Build.0 = Debug|Any CPU
		{34208C5F-239B-4DD8-AB8F-84C370EA5874}.Release|Any CPU.ActiveCfg = Release|Any CPU
		{34208C5F-239B-4DD8-AB8F-84C370EA5874}.Release|Any CPU.Build.0 = Release|Any CPU
	EndGlobalSection
	GlobalSection(SolutionProperties) = preSolution
		HideSolutionNode = FALSE
	EndGlobalSection
	GlobalSection(ExtensibilityGlobals) = postSolution
		SolutionGuid = {05AF7473-3E86-4B6B-A89B-D2B30A27AD04}
	EndGlobalSection
EndGlobal
